// !$*UTF8*$!
{
	archiveVersion = 1;
	classes = {
	};
	objectVersion = 48;
	objects = {

/* Begin PBXBuildFile section */
		A0007ABF207682E000489F13 /* AppDelegate.swift in Sources */ = {isa = PBXBuildFile; fileRef = A0007ABE207682E000489F13 /* AppDelegate.swift */; };
		A0007AC1207682E000489F13 /* ViewController.swift in Sources */ = {isa = PBXBuildFile; fileRef = A0007AC0207682E000489F13 /* ViewController.swift */; };
		A0007AC4207682E000489F13 /* Main.storyboard in Resources */ = {isa = PBXBuildFile; fileRef = A0007AC2207682E000489F13 /* Main.storyboard */; };
		A0007AC7207682E000489F13 /* Favorite_Things.xcdatamodeld in Sources */ = {isa = PBXBuildFile; fileRef = A0007AC5207682E000489F13 /* Favorite_Things.xcdatamodeld */; };
		A0007AC9207682E000489F13 /* Assets.xcassets in Resources */ = {isa = PBXBuildFile; fileRef = A0007AC8207682E000489F13 /* Assets.xcassets */; };
		A0007ACC207682E000489F13 /* LaunchScreen.storyboard in Resources */ = {isa = PBXBuildFile; fileRef = A0007ACA207682E000489F13 /* LaunchScreen.storyboard */; };
/* End PBXBuildFile section */

/* Begin PBXFileReference section */
		A0007ABB207682E000489F13 /* Favorite Things.app */ = {isa = PBXFileReference; explicitFileType = wrapper.application; includeInIndex = 0; path = "Favorite Things.app"; sourceTree = BUILT_PRODUCTS_DIR; };
		A0007ABE207682E000489F13 /* AppDelegate.swift */ = {isa = PBXFileReference; lastKnownFileType = sourcecode.swift; path = AppDelegate.swift; sourceTree = "<group>"; };
		A0007AC0207682E000489F13 /* ViewController.swift */ = {isa = PBXFileReference; lastKnownFileType = sourcecode.swift; path = ViewController.swift; sourceTree = "<group>"; };
		A0007AC3207682E000489F13 /* Base */ = {isa = PBXFileReference; lastKnownFileType = file.storyboard; name = Base; path = Base.lproj/Main.storyboard; sourceTree = "<group>"; };
		A0007AC6207682E000489F13 /* Favorite_Things.xcdatamodel */ = {isa = PBXFileReference; lastKnownFileType = wrapper.xcdatamodel; path = Favorite_Things.xcdatamodel; sourceTree = "<group>"; };
		A0007AC8207682E000489F13 /* Assets.xcassets */ = {isa = PBXFileReference; lastKnownFileType = folder.assetcatalog; path = Assets.xcassets; sourceTree = "<group>"; };
		A0007ACB207682E000489F13 /* Base */ = {isa = PBXFileReference; lastKnownFileType = file.storyboard; name = Base; path = Base.lproj/LaunchScreen.storyboard; sourceTree = "<group>"; };
		A0007ACD207682E000489F13 /* Info.plist */ = {isa = PBXFileReference; lastKnownFileType = text.plist.xml; path = Info.plist; sourceTree = "<group>"; };
/* End PBXFileReference section */

/* Begin PBXFrameworksBuildPhase section */
		A0007AB8207682E000489F13 /* Frameworks */ = {
			isa = PBXFrameworksBuildPhase;
			buildActionMask = 2147483647;
			files = (
			);
			runOnlyForDeploymentPostprocessing = 0;
		};
/* End PBXFrameworksBuildPhase section */

/* Begin PBXGroup section */
		A0007AB2207682E000489F13 = {
			isa = PBXGroup;
			children = (
				A0007ABD207682E000489F13 /* Favorite Things */,
				A0007ABC207682E000489F13 /* Products */,
			);
			sourceTree = "<group>";
		};
		A0007ABC207682E000489F13 /* Products */ = {
			isa = PBXGroup;
			children = (
				A0007ABB207682E000489F13 /* Favorite Things.app */,
			);
			name = Products;
			sourceTree = "<group>";
		};
		A0007ABD207682E000489F13 /* Favorite Things */ = {
			isa = PBXGroup;
			children = (
				A0007ABE207682E000489F13 /* AppDelegate.swift */,
				A0007AC0207682E000489F13 /* ViewController.swift */,
				A0007AC2207682E000489F13 /* Main.storyboard */,
				A0007AC8207682E000489F13 /* Assets.xcassets */,
				A0007ACA207682E000489F13 /* LaunchScreen.storyboard */,
				A0007ACD207682E000489F13 /* Info.plist */,
				A0007AC5207682E000489F13 /* Favorite_Things.xcdatamodeld */,
			);
			path = "Favorite Things";
			sourceTree = "<group>";
		};
/* End PBXGroup section */

/* Begin PBXNativeTarget section */
		A0007ABA207682E000489F13 /* Favorite Things */ = {
			isa = PBXNativeTarget;
			buildConfigurationList = A0007AD0207682E000489F13 /* Build configuration list for PBXNativeTarget "Favorite Things" */;
			buildPhases = (
				A0007AB7207682E000489F13 /* Sources */,
				A0007AB8207682E000489F13 /* Frameworks */,
				A0007AB9207682E000489F13 /* Resources */,
			);
			buildRules = (
			);
			dependencies = (
			);
			name = "Favorite Things";
			productName = "Favorite Things";
			productReference = A0007ABB207682E000489F13 /* Favorite Things.app */;
			productType = "com.apple.product-type.application";
		};
/* End PBXNativeTarget section */

/* Begin PBXProject section */
		A0007AB3207682E000489F13 /* Project object */ = {
			isa = PBXProject;
			attributes = {
				LastSwiftUpdateCheck = 0920;
				LastUpgradeCheck = 0920;
				ORGANIZATIONNAME = "Yuan zhou";
				TargetAttributes = {
					A0007ABA207682E000489F13 = {
						CreatedOnToolsVersion = 9.2;
						ProvisioningStyle = Automatic;
					};
				};
			};
			buildConfigurationList = A0007AB6207682E000489F13 /* Build configuration list for PBXProject "Favorite Things" */;
			compatibilityVersion = "Xcode 8.0";
			developmentRegion = en;
			hasScannedForEncodings = 0;
			knownRegions = (
				en,
				Base,
			);
			mainGroup = A0007AB2207682E000489F13;
			productRefGroup = A0007ABC207682E000489F13 /* Products */;
			projectDirPath = "";
			projectRoot = "";
			targets = (
				A0007ABA207682E000489F13 /* Favorite Things */,
			);
		};
/* End PBXProject section */

/* Begin PBXResourcesBuildPhase section */
		A0007AB9207682E000489F13 /* Resources */ = {
			isa = PBXResourcesBuildPhase;
			buildActionMask = 2147483647;
			files = (
				A0007ACC207682E000489F13 /* LaunchScreen.storyboard in Resources */,
				A0007AC9207682E000489F13 /* Assets.xcassets in Resources */,
				A0007AC4207682E000489F13 /* Main.storyboard in Resources */,
			);
			runOnlyForDeploymentPostprocessing = 0;
		};
/* End PBXResourcesBuildPhase section */

/* Begin PBXSourcesBuildPhase section */
		A0007AB7207682E000489F13 /* Sources */ = {
			isa = PBXSourcesBuildPhase;
			buildActionMask = 2147483647;
			files = (
				A0007AC1207682E000489F13 /* ViewController.swift in Sources */,
				A0007AC7207682E000489F13 /* Favorite_Things.xcdatamodeld in Sources */,
				A0007ABF207682E000489F13 /* AppDelegate.swift in Sources */,
			);
			runOnlyForDeploymentPostprocessing = 0;
		};
/* End PBXSourcesBuildPhase section */

/* Begin PBXVariantGroup section */
		A0007AC2207682E000489F13 /* Main.storyboard */ = {
			isa = PBXVariantGroup;
			children = (
				A0007AC3207682E000489F13 /* Base */,
			);
			name = Main.storyboard;
			sourceTree = "<group>";
		};
		A0007ACA207682E000489F13 /* LaunchScreen.storyboard */ = {
			isa = PBXVariantGroup;
			children = (
				A0007ACB207682E000489F13 /* Base */,
			);
			name = LaunchScreen.storyboard;
			sourceTree = "<group>";
		};
/* End PBXVariantGroup section */

/* Begin XCBuildConfiguration section */
		A0007ACE207682E000489F13 /* Debug */ = {
			isa = XCBuildConfiguration;
			buildSettings = {
				ALWAYS_SEARCH_USER_PATHS = NO;
				CLANG_ANALYZER_NONNULL = YES;
				CLANG_ANALYZER_NUMBER_OBJECT_CONVERSION = YES_AGGRESSIVE;
				CLANG_CXX_LANGUAGE_STANDARD = "gnu++14";
				CLANG_CXX_LIBRARY = "libc++";
				CLANG_ENABLE_MODULES = YES;
				CLANG_ENABLE_OBJC_ARC = YES;
				CLANG_WARN_BLOCK_CAPTURE_AUTORELEASING = YES;
				CLANG_WARN_BOOL_CONVERSION = YES;
				CLANG_WARN_COMMA = YES;
				CLANG_WARN_CONSTANT_CONVERSION = YES;
				CLANG_WARN_DIRECT_OBJC_ISA_USAGE = YES_ERROR;
				CLANG_WARN_DOCUMENTATION_COMMENTS = YES;
				CLANG_WARN_EMPTY_BODY = YES;
				CLANG_WARN_ENUM_CONVERSION = YES;
				CLANG_WARN_INFINITE_RECURSION = YES;
				CLANG_WARN_INT_CONVERSION = YES;
				CLANG_WARN_NON_LITERAL_NULL_CONVERSION = YES;
				CLANG_WARN_OBJC_LITERAL_CONVERSION = YES;
				CLANG_WARN_OBJC_ROOT_CLASS = YES_ERROR;
				CLANG_WARN_RANGE_LOOP_ANALYSIS = YES;
				CLANG_WARN_STRICT_PROTOTYPES = YES;
				CLANG_WARN_SUSPICIOUS_MOVE = YES;
				CLANG_WARN_UNGUARDED_AVAILABILITY = YES_AGGRESSIVE;
				CLANG_WARN_UNREACHABLE_CODE = YES;
				CLANG_WARN__DUPLICATE_METHOD_MATCH = YES;
				CODE_SIGN_IDENTITY = "iPhone Developer";
				COPY_PHASE_STRIP = NO;
				DEBUG_INFORMATION_FORMAT = dwarf;
				ENABLE_STRICT_OBJC_MSGSEND = YES;
				ENABLE_TESTABILITY = YES;
				GCC_C_LANGUAGE_STANDARD = gnu11;
				GCC_DYNAMIC_NO_PIC = NO;
				GCC_NO_COMMON_BLOCKS = YES;
				GCC_OPTIMIZATION_LEVEL = 0;
				GCC_PREPROCESSOR_DEFINITIONS = (
					"DEBUG=1",
					"$(inherited)",
				);
				GCC_WARN_64_TO_32_BIT_CONVERSION = YES;
				GCC_WARN_ABOUT_RETURN_TYPE = YES_ERROR;
				GCC_WARN_UNDECLARED_SELECTOR = YES;
				GCC_WARN_UNINITIALIZED_AUTOS = YES_AGGRESSIVE;
				GCC_WARN_UNUSED_FUNCTION = YES;
				GCC_WARN_UNUSED_VARIABLE = YES;
				IPHONEOS_DEPLOYMENT_TARGET = 11.2;
				MTL_ENABLE_DEBUG_INFO = YES;
				ONLY_ACTIVE_ARCH = YES;
				SDKROOT = iphoneos;
				SWIFT_ACTIVE_COMPILATION_CONDITIONS = DEBUG;
				SWIFT_OPTIMIZATION_LEVEL = "-Onone";
			};
			name = Debug;
		};
		A0007ACF207682E000489F13 /* Release */ = {
			isa = XCBuildConfiguration;
			buildSettings = {
				ALWAYS_SEARCH_USER_PATHS = NO;
				CLANG_ANALYZER_NONNULL = YES;
				CLANG_ANALYZER_NUMBER_OBJECT_CONVERSION = YES_AGGRESSIVE;
				CLANG_CXX_LANGUAGE_STANDARD = "gnu++14";
				CLANG_CXX_LIBRARY = "libc++";
				CLANG_ENABLE_MODULES = YES;
				CLANG_ENABLE_OBJC_ARC = YES;
				CLANG_WARN_BLOCK_CAPTURE_AUTORELEASING = YES;
				CLANG_WARN_BOOL_CONVERSION = YES;
				CLANG_WARN_COMMA = YES;
				CLANG_WARN_CONSTANT_CONVERSION = YES;
				CLANG_WARN_DIRECT_OBJC_ISA_USAGE = YES_ERROR;
				CLANG_WARN_DOCUMENTATION_COMMENTS = YES;
				CLANG_WARN_EMPTY_BODY = YES;
				CLANG_WARN_ENUM_CONVERSION = YES;
				CLANG_WARN_INFINITE_RECURSION = YES;
				CLANG_WARN_INT_CONVERSION = YES;
				CLANG_WARN_NON_LITERAL_NULL_CONVERSION = YES;
				CLANG_WARN_OBJC_LITERAL_CONVERSION = YES;
				CLANG_WARN_OBJC_ROOT_CLASS = YES_ERROR;
				CLANG_WARN_RANGE_LOOP_ANALYSIS = YES;
				CLANG_WARN_STRICT_PROTOTYPES = YES;
				CLANG_WARN_SUSPICIOUS_MOVE = YES;
				CLANG_WARN_UNGUARDED_AVAILABILITY = YES_AGGRESSIVE;
				CLANG_WARN_UNREACHABLE_CODE = YES;
				CLANG_WARN__DUPLICATE_METHOD_MATCH = YES;
				CODE_SIGN_IDENTITY = "iPhone Developer";
				COPY_PHASE_STRIP = NO;
				DEBUG_INFORMATION_FORMAT = "dwarf-with-dsym";
				ENABLE_NS_ASSERTIONS = NO;
				ENABLE_STRICT_OBJC_MSGSEND = YES;
				GCC_C_LANGUAGE_STANDARD = gnu11;
				GCC_NO_COMMON_BLOCKS = YES;
				GCC_WARN_64_TO_32_BIT_CONVERSION = YES;
				GCC_WARN_ABOUT_RETURN_TYPE = YES_ERROR;
				GCC_WARN_UNDECLARED_SELECTOR = YES;
				GCC_WARN_UNINITIALIZED_AUTOS = YES_AGGRESSIVE;
				GCC_WARN_UNUSED_FUNCTION = YES;
				GCC_WARN_UNUSED_VARIABLE = YES;
				IPHONEOS_DEPLOYMENT_TARGET = 11.2;
				MTL_ENABLE_DEBUG_INFO = NO;
				SDKROOT = iphoneos;
				SWIFT_OPTIMIZATION_LEVEL = "-Owholemodule";
				VALIDATE_PRODUCT = YES;
			};
			name = Release;
		};
		A0007AD1207682E000489F13 /* Debug */ = {
			isa = XCBuildConfiguration;
			buildSettings = {
				ASSETCATALOG_COMPILER_APPICON_NAME = AppIcon;
				CODE_SIGN_STYLE = Automatic;
				INFOPLIST_FILE = "Favorite Things/Info.plist";
				LD_RUNPATH_SEARCH_PATHS = "$(inherited) @executable_path/Frameworks";
				PRODUCT_BUNDLE_IDENTIFIER = "edu.rose-hulman.Favorite-Things";
				PRODUCT_NAME = "$(TARGET_NAME)";
				SWIFT_VERSION = 4.0;
				TARGETED_DEVICE_FAMILY = "1,2";
			};
			name = Debug;
		};
		A0007AD2207682E000489F13 /* Release */ = {
			isa = XCBuildConfiguration;
			buildSettings = {
				ASSETCATALOG_COMPILER_APPICON_NAME = AppIcon;
				CODE_SIGN_STYLE = Automatic;
				INFOPLIST_FILE = "Favorite Things/Info.plist";
				LD_RUNPATH_SEARCH_PATHS = "$(inherited) @executable_path/Frameworks";
				PRODUCT_BUNDLE_IDENTIFIER = "edu.rose-hulman.Favorite-Things";
				PRODUCT_NAME = "$(TARGET_NAME)";
				SWIFT_VERSION = 4.0;
				TARGETED_DEVICE_FAMILY = "1,2";
			};
			name = Release;
		};
/* End XCBuildConfiguration section */

/* Begin XCConfigurationList section */
		A0007AB6207682E000489F13 /* Build configuration list for PBXProject "Favorite Things" */ = {
			isa = XCConfigurationList;
			buildConfigurations = (
				A0007ACE207682E000489F13 /* Debug */,
				A0007ACF207682E000489F13 /* Release */,
			);
			defaultConfigurationIsVisible = 0;
			defaultConfigurationName = Release;
		};
		A0007AD0207682E000489F13 /* Build configuration list for PBXNativeTarget "Favorite Things" */ = {
			isa = XCConfigurationList;
			buildConfigurations = (
				A0007AD1207682E000489F13 /* Debug */,
				A0007AD2207682E000489F13 /* Release */,
			);
			defaultConfigurationIsVisible = 0;
			defaultConfigurationName = Release;
		};
/* End XCConfigurationList section */

/* Begin XCVersionGroup section */
		A0007AC5207682E000489F13 /* Favorite_Things.xcdatamodeld */ = {
			isa = XCVersionGroup;
			children = (
				A0007AC6207682E000489F13 /* Favorite_Things.xcdatamodel */,
			);
			currentVersion = A0007AC6207682E000489F13 /* Favorite_Things.xcdatamodel */;
			path = Favorite_Things.xcdatamodeld;
			sourceTree = "<group>";
			versionGroupType = wrapper.xcdatamodel;
		};
/* End XCVersionGroup section */
	};
	rootObject = A0007AB3207682E000489F13 /* Project object */;
}
